{
  "pins" : [
    {
      "identity" : "markupeditor",
      "kind" : "remoteSourceControl",
      "location" : "https://github.com/stevengharris/MarkupEditor",
      "state" : {
        "revision" : "45300e4d85da8dea56395da0ada8ff88662d54a3",
        "version" : "0.5.1"
      }
    }
  ],
  "version" : 2
}
